{
  "name": "habitat-for-humanity",
  "lockfileVersion": 3,
  "requires": true,
  "packages": {
    "": {
      "dependencies": {
        "@clerk/nextjs": "^6.16.0",
        "react-aws-s3": "^1.5.0"
      },
      "devDependencies": {
        "autoprefixer": "^10.4.21",
        "postcss": "^8.5.3",
        "tailwindcss": "^4.1.4"
      }
    },
    "node_modules/@clerk/backend": {
      "version": "1.29.1",
      "resolved": "https://registry.npmjs.org/@clerk/backend/-/backend-1.29.1.tgz",
      "integrity": "sha512-QMIKTGLJi+hUeEfV1E7Kqe+RSey72BcuMij25HCoBLt1PZVlcvKb9Cf9QM/zfZEFWaTGZk7xSoV42DRut81CyQ==",
      "license": "MIT",
      "dependencies": {
        "@clerk/shared": "^3.7.2",
        "@clerk/types": "^4.54.2",
        "cookie": "1.0.2",
        "snakecase-keys": "8.0.1",
        "tslib": "2.8.1"
      },
      "engines": {
        "node": ">=18.17.0"
      },
      "peerDependencies": {
        "svix": "^1.62.0"
      },
      "peerDependenciesMeta": {
        "svix": {
          "optional": true
        }
      }
    },
    "node_modules/@clerk/clerk-react": {
      "version": "5.28.2",
      "resolved": "https://registry.npmjs.org/@clerk/clerk-react/-/clerk-react-5.28.2.tgz",
      "integrity": "sha512-snoA4Q7bkfjzAuZeGm/5cQNX9vAqI5EXiaN3HE18pHSvmhLTmtgvKgeJt+lT+yWQisOWswwp8XlHOToEeIS6dA==",
      "license": "MIT",
      "dependencies": {
        "@clerk/shared": "^3.7.2",
        "@clerk/types": "^4.54.2",
        "tslib": "2.8.1"
      },
      "engines": {
        "node": ">=18.17.0"
      },
      "peerDependencies": {
        "react": "^18.0.0 || ^19.0.0 || ^19.0.0-0",
        "react-dom": "^18.0.0 || ^19.0.0 || ^19.0.0-0"
      }
    },
    "node_modules/@clerk/nextjs": {
      "version": "6.16.0",
      "resolved": "https://registry.npmjs.org/@clerk/nextjs/-/nextjs-6.16.0.tgz",
      "integrity": "sha512-R/3e5Cipp7LFf89oA7eRc5j9byZDjy8ege8Hrba3vKkeq3QADBiZ0oKLh9gp1joSk5TTmE844kOnpuEbVK+VRA==",
      "license": "MIT",
      "dependencies": {
        "@clerk/backend": "^1.29.1",
        "@clerk/clerk-react": "^5.28.2",
        "@clerk/shared": "^3.7.2",
        "@clerk/types": "^4.54.2",
        "server-only": "0.0.1",
        "tslib": "2.8.1"
      },
      "engines": {
        "node": ">=18.17.0"
      },
      "peerDependencies": {
        "next": "^13.5.7 || ^14.2.25 || ^15.2.3",
        "react": "^18.0.0 || ^19.0.0 || ^19.0.0-0",
        "react-dom": "^18.0.0 || ^19.0.0 || ^19.0.0-0"
      }
    },
    "node_modules/@clerk/shared": {
      "version": "3.7.2",
      "resolved": "https://registry.npmjs.org/@clerk/shared/-/shared-3.7.2.tgz",
      "integrity": "sha512-gx0qSf1M0QPwoieTytMKZmV6rNfv/849bHpO+hXB3TbuLaZ8DTIG95pIa37C4LBHGgFO1qcyRydwoyAC5skrnQ==",
      "hasInstallScript": true,
      "license": "MIT",
      "dependencies": {
        "@clerk/types": "^4.54.2",
        "dequal": "2.0.3",
        "glob-to-regexp": "0.4.1",
        "js-cookie": "3.0.5",
        "std-env": "^3.8.1",
        "swr": "^2.3.3"
      },
      "engines": {
        "node": ">=18.17.0"
      },
      "peerDependencies": {
        "react": "^18.0.0 || ^19.0.0 || ^19.0.0-0",
        "react-dom": "^18.0.0 || ^19.0.0 || ^19.0.0-0"
      },
      "peerDependenciesMeta": {
        "react": {
          "optional": true
        },
        "react-dom": {
          "optional": true
        }
      }
    },
    "node_modules/@clerk/types": {
      "version": "4.54.2",
      "resolved": "https://registry.npmjs.org/@clerk/types/-/types-4.54.2.tgz",
      "integrity": "sha512-9z2odfkK58b8aa9GM6G5CmDefXKoGE8UG8f9cDp//Z4qYMqq2/uPHzDFYawJMu1Da2sUwgNeXEFqoaatXaBoXA==",
      "license": "MIT",
      "dependencies": {
        "csstype": "3.1.3"
      },
      "engines": {
        "node": ">=18.17.0"
      }
    },
    "node_modules/@emnapi/runtime": {
      "version": "1.4.3",
      "resolved": "https://registry.npmjs.org/@emnapi/runtime/-/runtime-1.4.3.tgz",
      "integrity": "sha512-pBPWdu6MLKROBX05wSNKcNb++m5Er+KQ9QkB+WVM+pW2Kx9hoSrVTnu3BdkI5eBLZoKu/J6mW/B6i6bJB2ytXQ==",
      "license": "MIT",
      "optional": true,
      "peer": true,
      "dependencies": {
        "tslib": "^2.4.0"
      }
    },
    "node_modules/@img/sharp-darwin-arm64": {
      "version": "0.34.1",
      "resolved": "https://registry.npmjs.org/@img/sharp-darwin-arm64/-/sharp-darwin-arm64-0.34.1.tgz",
      "integrity": "sha512-pn44xgBtgpEbZsu+lWf2KNb6OAf70X68k+yk69Ic2Xz11zHR/w24/U49XT7AeRwJ0Px+mhALhU5LPci1Aymk7A==",
      "cpu": [
        "arm64"
      ],
      "license": "Apache-2.0",
      "optional": true,
      "os": [
        "darwin"
      ],
      "peer": true,
      "engines": {
        "node": "^18.17.0 || ^20.3.0 || >=21.0.0"
      },
      "funding": {
        "url": "https://opencollective.com/libvips"
      },
      "optionalDependencies": {
        "@img/sharp-libvips-darwin-arm64": "1.1.0"
      }
    },
    "node_modules/@img/sharp-darwin-x64": {
      "version": "0.34.1",
      "resolved": "https://registry.npmjs.org/@img/sharp-darwin-x64/-/sharp-darwin-x64-0.34.1.tgz",
      "integrity": "sha512-VfuYgG2r8BpYiOUN+BfYeFo69nP/MIwAtSJ7/Zpxc5QF3KS22z8Pvg3FkrSFJBPNQ7mmcUcYQFBmEQp7eu1F8Q==",
      "cpu": [
        "x64"
      ],
      "license": "Apache-2.0",
      "optional": true,
      "os": [
        "darwin"
      ],
      "peer": true,
      "engines": {
        "node": "^18.17.0 || ^20.3.0 || >=21.0.0"
      },
      "funding": {
        "url": "https://opencollective.com/libvips"
      },
      "optionalDependencies": {
        "@img/sharp-libvips-darwin-x64": "1.1.0"
      }
    },
    "node_modules/@img/sharp-libvips-darwin-arm64": {
      "version": "1.1.0",
      "resolved": "https://registry.npmjs.org/@img/sharp-libvips-darwin-arm64/-/sharp-libvips-darwin-arm64-1.1.0.tgz",
      "integrity": "sha512-HZ/JUmPwrJSoM4DIQPv/BfNh9yrOA8tlBbqbLz4JZ5uew2+o22Ik+tHQJcih7QJuSa0zo5coHTfD5J8inqj9DA==",
      "cpu": [
        "arm64"
      ],
      "license": "LGPL-3.0-or-later",
      "optional": true,
      "os": [
        "darwin"
      ],
      "peer": true,
      "funding": {
        "url": "https://opencollective.com/libvips"
      }
    },
    "node_modules/@img/sharp-libvips-darwin-x64": {
      "version": "1.1.0",
      "resolved": "https://registry.npmjs.org/@img/sharp-libvips-darwin-x64/-/sharp-libvips-darwin-x64-1.1.0.tgz",
      "integrity": "sha512-Xzc2ToEmHN+hfvsl9wja0RlnXEgpKNmftriQp6XzY/RaSfwD9th+MSh0WQKzUreLKKINb3afirxW7A0fz2YWuQ==",
      "cpu": [
        "x64"
      ],
      "license": "LGPL-3.0-or-later",
      "optional": true,
      "os": [
        "darwin"
      ],
      "peer": true,
      "funding": {
        "url": "https://opencollective.com/libvips"
      }
    },
    "node_modules/@img/sharp-libvips-linux-arm": {
      "version": "1.1.0",
      "resolved": "https://registry.npmjs.org/@img/sharp-libvips-linux-arm/-/sharp-libvips-linux-arm-1.1.0.tgz",
      "integrity": "sha512-s8BAd0lwUIvYCJyRdFqvsj+BJIpDBSxs6ivrOPm/R7piTs5UIwY5OjXrP2bqXC9/moGsyRa37eYWYCOGVXxVrA==",
      "cpu": [
        "arm"
      ],
      "license": "LGPL-3.0-or-later",
      "optional": true,
      "os": [
        "linux"
      ],
      "peer": true,
      "funding": {
        "url": "https://opencollective.com/libvips"
      }
    },
    "node_modules/@img/sharp-libvips-linux-arm64": {
      "version": "1.1.0",
      "resolved": "https://registry.npmjs.org/@img/sharp-libvips-linux-arm64/-/sharp-libvips-linux-arm64-1.1.0.tgz",
      "integrity": "sha512-IVfGJa7gjChDET1dK9SekxFFdflarnUB8PwW8aGwEoF3oAsSDuNUTYS+SKDOyOJxQyDC1aPFMuRYLoDInyV9Ew==",
      "cpu": [
        "arm64"
      ],
      "license": "LGPL-3.0-or-later",
      "optional": true,
      "os": [
        "linux"
      ],
      "peer": true,
      "funding": {
        "url": "https://opencollective.com/libvips"
      }
    },
    "node_modules/@img/sharp-libvips-linux-ppc64": {
      "version": "1.1.0",
      "resolved": "https://registry.npmjs.org/@img/sharp-libvips-linux-ppc64/-/sharp-libvips-linux-ppc64-1.1.0.tgz",
      "integrity": "sha512-tiXxFZFbhnkWE2LA8oQj7KYR+bWBkiV2nilRldT7bqoEZ4HiDOcePr9wVDAZPi/Id5fT1oY9iGnDq20cwUz8lQ==",
      "cpu": [
        "ppc64"
      ],
      "license": "LGPL-3.0-or-later",
      "optional": true,
      "os": [
        "linux"
      ],
      "peer": true,
      "funding": {
        "url": "https://opencollective.com/libvips"
      }
    },
    "node_modules/@img/sharp-libvips-linux-s390x": {
      "version": "1.1.0",
      "resolved": "https://registry.npmjs.org/@img/sharp-libvips-linux-s390x/-/sharp-libvips-linux-s390x-1.1.0.tgz",
      "integrity": "sha512-xukSwvhguw7COyzvmjydRb3x/09+21HykyapcZchiCUkTThEQEOMtBj9UhkaBRLuBrgLFzQ2wbxdeCCJW/jgJA==",
      "cpu": [
        "s390x"
      ],
      "license": "LGPL-3.0-or-later",
      "optional": true,
      "os": [
        "linux"
      ],
      "peer": true,
      "funding": {
        "url": "https://opencollective.com/libvips"
      }
    },
    "node_modules/@img/sharp-libvips-linux-x64": {
      "version": "1.1.0",
      "resolved": "https://registry.npmjs.org/@img/sharp-libvips-linux-x64/-/sharp-libvips-linux-x64-1.1.0.tgz",
      "integrity": "sha512-yRj2+reB8iMg9W5sULM3S74jVS7zqSzHG3Ol/twnAAkAhnGQnpjj6e4ayUz7V+FpKypwgs82xbRdYtchTTUB+Q==",
      "cpu": [
        "x64"
      ],
      "license": "LGPL-3.0-or-later",
      "optional": true,
      "os": [
        "linux"
      ],
      "peer": true,
      "funding": {
        "url": "https://opencollective.com/libvips"
      }
    },
    "node_modules/@img/sharp-libvips-linuxmusl-arm64": {
      "version": "1.1.0",
      "resolved": "https://registry.npmjs.org/@img/sharp-libvips-linuxmusl-arm64/-/sharp-libvips-linuxmusl-arm64-1.1.0.tgz",
      "integrity": "sha512-jYZdG+whg0MDK+q2COKbYidaqW/WTz0cc1E+tMAusiDygrM4ypmSCjOJPmFTvHHJ8j/6cAGyeDWZOsK06tP33w==",
      "cpu": [
        "arm64"
      ],
      "license": "LGPL-3.0-or-later",
      "optional": true,
      "os": [
        "linux"
      ],
      "peer": true,
      "funding": {
        "url": "https://opencollective.com/libvips"
      }
    },
    "node_modules/@img/sharp-libvips-linuxmusl-x64": {
      "version": "1.1.0",
      "resolved": "https://registry.npmjs.org/@img/sharp-libvips-linuxmusl-x64/-/sharp-libvips-linuxmusl-x64-1.1.0.tgz",
      "integrity": "sha512-wK7SBdwrAiycjXdkPnGCPLjYb9lD4l6Ze2gSdAGVZrEL05AOUJESWU2lhlC+Ffn5/G+VKuSm6zzbQSzFX/P65A==",
      "cpu": [
        "x64"
      ],
      "license": "LGPL-3.0-or-later",
      "optional": true,
      "os": [
        "linux"
      ],
      "peer": true,
      "funding": {
        "url": "https://opencollective.com/libvips"
      }
    },
    "node_modules/@img/sharp-linux-arm": {
      "version": "0.34.1",
      "resolved": "https://registry.npmjs.org/@img/sharp-linux-arm/-/sharp-linux-arm-0.34.1.tgz",
      "integrity": "sha512-anKiszvACti2sGy9CirTlNyk7BjjZPiML1jt2ZkTdcvpLU1YH6CXwRAZCA2UmRXnhiIftXQ7+Oh62Ji25W72jA==",
      "cpu": [
        "arm"
      ],
      "license": "Apache-2.0",
      "optional": true,
      "os": [
        "linux"
      ],
      "peer": true,
      "engines": {
        "node": "^18.17.0 || ^20.3.0 || >=21.0.0"
      },
      "funding": {
        "url": "https://opencollective.com/libvips"
      },
      "optionalDependencies": {
        "@img/sharp-libvips-linux-arm": "1.1.0"
      }
    },
    "node_modules/@img/sharp-linux-arm64": {
      "version": "0.34.1",
      "resolved": "https://registry.npmjs.org/@img/sharp-linux-arm64/-/sharp-linux-arm64-0.34.1.tgz",
      "integrity": "sha512-kX2c+vbvaXC6vly1RDf/IWNXxrlxLNpBVWkdpRq5Ka7OOKj6nr66etKy2IENf6FtOgklkg9ZdGpEu9kwdlcwOQ==",
      "cpu": [
        "arm64"
      ],
      "license": "Apache-2.0",
      "optional": true,
      "os": [
        "linux"
      ],
      "peer": true,
      "engines": {
        "node": "^18.17.0 || ^20.3.0 || >=21.0.0"
      },
      "funding": {
        "url": "https://opencollective.com/libvips"
      },
      "optionalDependencies": {
        "@img/sharp-libvips-linux-arm64": "1.1.0"
      }
    },
    "node_modules/@img/sharp-linux-s390x": {
      "version": "0.34.1",
      "resolved": "https://registry.npmjs.org/@img/sharp-linux-s390x/-/sharp-linux-s390x-0.34.1.tgz",
      "integrity": "sha512-7s0KX2tI9mZI2buRipKIw2X1ufdTeaRgwmRabt5bi9chYfhur+/C1OXg3TKg/eag1W+6CCWLVmSauV1owmRPxA==",
      "cpu": [
        "s390x"
      ],
      "license": "Apache-2.0",
      "optional": true,
      "os": [
        "linux"
      ],
      "peer": true,
      "engines": {
        "node": "^18.17.0 || ^20.3.0 || >=21.0.0"
      },
      "funding": {
        "url": "https://opencollective.com/libvips"
      },
      "optionalDependencies": {
        "@img/sharp-libvips-linux-s390x": "1.1.0"
      }
    },
    "node_modules/@img/sharp-linux-x64": {
      "version": "0.34.1",
      "resolved": "https://registry.npmjs.org/@img/sharp-linux-x64/-/sharp-linux-x64-0.34.1.tgz",
      "integrity": "sha512-wExv7SH9nmoBW3Wr2gvQopX1k8q2g5V5Iag8Zk6AVENsjwd+3adjwxtp3Dcu2QhOXr8W9NusBU6XcQUohBZ5MA==",
      "cpu": [
        "x64"
      ],
      "license": "Apache-2.0",
      "optional": true,
      "os": [
        "linux"
      ],
      "peer": true,
      "engines": {
        "node": "^18.17.0 || ^20.3.0 || >=21.0.0"
      },
      "funding": {
        "url": "https://opencollective.com/libvips"
      },
      "optionalDependencies": {
        "@img/sharp-libvips-linux-x64": "1.1.0"
      }
    },
    "node_modules/@img/sharp-linuxmusl-arm64": {
      "version": "0.34.1",
      "resolved": "https://registry.npmjs.org/@img/sharp-linuxmusl-arm64/-/sharp-linuxmusl-arm64-0.34.1.tgz",
      "integrity": "sha512-DfvyxzHxw4WGdPiTF0SOHnm11Xv4aQexvqhRDAoD00MzHekAj9a/jADXeXYCDFH/DzYruwHbXU7uz+H+nWmSOQ==",
      "cpu": [
        "arm64"
      ],
      "license": "Apache-2.0",
      "optional": true,
      "os": [
        "linux"
      ],
      "peer": true,
      "engines": {
        "node": "^18.17.0 || ^20.3.0 || >=21.0.0"
      },
      "funding": {
        "url": "https://opencollective.com/libvips"
      },
      "optionalDependencies": {
        "@img/sharp-libvips-linuxmusl-arm64": "1.1.0"
      }
    },
    "node_modules/@img/sharp-linuxmusl-x64": {
      "version": "0.34.1",
      "resolved": "https://registry.npmjs.org/@img/sharp-linuxmusl-x64/-/sharp-linuxmusl-x64-0.34.1.tgz",
      "integrity": "sha512-pax/kTR407vNb9qaSIiWVnQplPcGU8LRIJpDT5o8PdAx5aAA7AS3X9PS8Isw1/WfqgQorPotjrZL3Pqh6C5EBg==",
      "cpu": [
        "x64"
      ],
      "license": "Apache-2.0",
      "optional": true,
      "os": [
        "linux"
      ],
      "peer": true,
      "engines": {
        "node": "^18.17.0 || ^20.3.0 || >=21.0.0"
      },
      "funding": {
        "url": "https://opencollective.com/libvips"
      },
      "optionalDependencies": {
        "@img/sharp-libvips-linuxmusl-x64": "1.1.0"
      }
    },
    "node_modules/@img/sharp-wasm32": {
      "version": "0.34.1",
      "resolved": "https://registry.npmjs.org/@img/sharp-wasm32/-/sharp-wasm32-0.34.1.tgz",
      "integrity": "sha512-YDybQnYrLQfEpzGOQe7OKcyLUCML4YOXl428gOOzBgN6Gw0rv8dpsJ7PqTHxBnXnwXr8S1mYFSLSa727tpz0xg==",
      "cpu": [
        "wasm32"
      ],
      "license": "Apache-2.0 AND LGPL-3.0-or-later AND MIT",
      "optional": true,
      "peer": true,
      "dependencies": {
        "@emnapi/runtime": "^1.4.0"
      },
      "engines": {
        "node": "^18.17.0 || ^20.3.0 || >=21.0.0"
      },
      "funding": {
        "url": "https://opencollective.com/libvips"
      }
    },
    "node_modules/@img/sharp-win32-ia32": {
      "version": "0.34.1",
      "resolved": "https://registry.npmjs.org/@img/sharp-win32-ia32/-/sharp-win32-ia32-0.34.1.tgz",
      "integrity": "sha512-WKf/NAZITnonBf3U1LfdjoMgNO5JYRSlhovhRhMxXVdvWYveM4kM3L8m35onYIdh75cOMCo1BexgVQcCDzyoWw==",
      "cpu": [
        "ia32"
      ],
      "license": "Apache-2.0 AND LGPL-3.0-or-later",
      "optional": true,
      "os": [
        "win32"
      ],
      "peer": true,
      "engines": {
        "node": "^18.17.0 || ^20.3.0 || >=21.0.0"
      },
      "funding": {
        "url": "https://opencollective.com/libvips"
      }
    },
    "node_modules/@img/sharp-win32-x64": {
      "version": "0.34.1",
      "resolved": "https://registry.npmjs.org/@img/sharp-win32-x64/-/sharp-win32-x64-0.34.1.tgz",
      "integrity": "sha512-hw1iIAHpNE8q3uMIRCgGOeDoz9KtFNarFLQclLxr/LK1VBkj8nby18RjFvr6aP7USRYAjTZW6yisnBWMX571Tw==",
      "cpu": [
        "x64"
      ],
      "license": "Apache-2.0 AND LGPL-3.0-or-later",
      "optional": true,
      "os": [
        "win32"
      ],
      "peer": true,
      "engines": {
        "node": "^18.17.0 || ^20.3.0 || >=21.0.0"
      },
      "funding": {
        "url": "https://opencollective.com/libvips"
      }
    },
    "node_modules/@next/env": {
      "version": "15.3.1",
      "resolved": "https://registry.npmjs.org/@next/env/-/env-15.3.1.tgz",
      "integrity": "sha512-cwK27QdzrMblHSn9DZRV+DQscHXRuJv6MydlJRpFSqJWZrTYMLzKDeyueJNN9MGd8NNiUKzDQADAf+dMLXX7YQ==",
      "license": "MIT",
      "peer": true
    },
    "node_modules/@next/swc-darwin-arm64": {
      "version": "15.3.1",
      "resolved": "https://registry.npmjs.org/@next/swc-darwin-arm64/-/swc-darwin-arm64-15.3.1.tgz",
      "integrity": "sha512-hjDw4f4/nla+6wysBL07z52Gs55Gttp5Bsk5/8AncQLJoisvTBP0pRIBK/B16/KqQyH+uN4Ww8KkcAqJODYH3w==",
      "cpu": [
        "arm64"
      ],
      "license": "MIT",
      "optional": true,
      "os": [
        "darwin"
      ],
      "peer": true,
      "engines": {
        "node": ">= 10"
      }
    },
    "node_modules/@next/swc-darwin-x64": {
      "version": "15.3.1",
      "resolved": "https://registry.npmjs.org/@next/swc-darwin-x64/-/swc-darwin-x64-15.3.1.tgz",
      "integrity": "sha512-q+aw+cJ2ooVYdCEqZVk+T4Ni10jF6Fo5DfpEV51OupMaV5XL6pf3GCzrk6kSSZBsMKZtVC1Zm/xaNBFpA6bJ2g==",
      "cpu": [
        "x64"
      ],
      "license": "MIT",
      "optional": true,
      "os": [
        "darwin"
      ],
      "peer": true,
      "engines": {
        "node": ">= 10"
      }
    },
    "node_modules/@next/swc-linux-arm64-gnu": {
      "version": "15.3.1",
      "resolved": "https://registry.npmjs.org/@next/swc-linux-arm64-gnu/-/swc-linux-arm64-gnu-15.3.1.tgz",
      "integrity": "sha512-wBQ+jGUI3N0QZyWmmvRHjXjTWFy8o+zPFLSOyAyGFI94oJi+kK/LIZFJXeykvgXUk1NLDAEFDZw/NVINhdk9FQ==",
      "cpu": [
        "arm64"
      ],
      "license": "MIT",
      "optional": true,
      "os": [
        "linux"
      ],
      "peer": true,
      "engines": {
        "node": ">= 10"
      }
    },
    "node_modules/@next/swc-linux-arm64-musl": {
      "version": "15.3.1",
      "resolved": "https://registry.npmjs.org/@next/swc-linux-arm64-musl/-/swc-linux-arm64-musl-15.3.1.tgz",
      "integrity": "sha512-IIxXEXRti/AulO9lWRHiCpUUR8AR/ZYLPALgiIg/9ENzMzLn3l0NSxVdva7R/VDcuSEBo0eGVCe3evSIHNz0Hg==",
      "cpu": [
        "arm64"
      ],
      "license": "MIT",
      "optional": true,
      "os": [
        "linux"
      ],
      "peer": true,
      "engines": {
        "node": ">= 10"
      }
    },
    "node_modules/@next/swc-linux-x64-gnu": {
      "version": "15.3.1",
      "resolved": "https://registry.npmjs.org/@next/swc-linux-x64-gnu/-/swc-linux-x64-gnu-15.3.1.tgz",
      "integrity": "sha512-bfI4AMhySJbyXQIKH5rmLJ5/BP7bPwuxauTvVEiJ/ADoddaA9fgyNNCcsbu9SlqfHDoZmfI6g2EjzLwbsVTr5A==",
      "cpu": [
        "x64"
      ],
      "license": "MIT",
      "optional": true,
      "os": [
        "linux"
      ],
      "peer": true,
      "engines": {
        "node": ">= 10"
      }
    },
    "node_modules/@next/swc-linux-x64-musl": {
      "version": "15.3.1",
      "resolved": "https://registry.npmjs.org/@next/swc-linux-x64-musl/-/swc-linux-x64-musl-15.3.1.tgz",
      "integrity": "sha512-FeAbR7FYMWR+Z+M5iSGytVryKHiAsc0x3Nc3J+FD5NVbD5Mqz7fTSy8CYliXinn7T26nDMbpExRUI/4ekTvoiA==",
      "cpu": [
        "x64"
      ],
      "license": "MIT",
      "optional": true,
      "os": [
        "linux"
      ],
      "peer": true,
      "engines": {
        "node": ">= 10"
      }
    },
    "node_modules/@next/swc-win32-arm64-msvc": {
      "version": "15.3.1",
      "resolved": "https://registry.npmjs.org/@next/swc-win32-arm64-msvc/-/swc-win32-arm64-msvc-15.3.1.tgz",
      "integrity": "sha512-yP7FueWjphQEPpJQ2oKmshk/ppOt+0/bB8JC8svPUZNy0Pi3KbPx2Llkzv1p8CoQa+D2wknINlJpHf3vtChVBw==",
      "cpu": [
        "arm64"
      ],
      "license": "MIT",
      "optional": true,
      "os": [
        "win32"
      ],
      "peer": true,
      "engines": {
        "node": ">= 10"
      }
    },
    "node_modules/@next/swc-win32-x64-msvc": {
      "version": "15.3.1",
      "resolved": "https://registry.npmjs.org/@next/swc-win32-x64-msvc/-/swc-win32-x64-msvc-15.3.1.tgz",
      "integrity": "sha512-3PMvF2zRJAifcRNni9uMk/gulWfWS+qVI/pagd+4yLF5bcXPZPPH2xlYRYOsUjmCJOXSTAC2PjRzbhsRzR2fDQ==",
      "cpu": [
        "x64"
      ],
      "license": "MIT",
      "optional": true,
      "os": [
        "win32"
      ],
      "peer": true,
      "engines": {
        "node": ">= 10"
      }
    },
    "node_modules/@swc/counter": {
      "version": "0.1.3",
      "resolved": "https://registry.npmjs.org/@swc/counter/-/counter-0.1.3.tgz",
      "integrity": "sha512-e2BR4lsJkkRlKZ/qCHPw9ZaSxc0MVUd7gtbtaB7aMvHeJVYe8sOB8DBZkP2DtISHGSku9sCK6T6cnY0CtXrOCQ==",
      "license": "Apache-2.0",
      "peer": true
    },
    "node_modules/@swc/helpers": {
      "version": "0.5.15",
      "resolved": "https://registry.npmjs.org/@swc/helpers/-/helpers-0.5.15.tgz",
      "integrity": "sha512-JQ5TuMi45Owi4/BIMAJBoSQoOJu12oOk/gADqlcUL9JEdHB8vyjUSsxqeNXnmXHjYKMi2WcYtezGEEhqUI/E2g==",
      "license": "Apache-2.0",
      "peer": true,
      "dependencies": {
        "tslib": "^2.8.0"
      }
    },
    "node_modules/any-base": {
      "version": "1.1.0",
      "resolved": "https://registry.npmjs.org/any-base/-/any-base-1.1.0.tgz",
      "integrity": "sha512-uMgjozySS8adZZYePpaWs8cxB9/kdzmpX6SgJZ+wbz1K5eYk5QMYDVJaZKhxyIHUdnnJkfR7SVgStgH7LkGUyg==",
      "license": "MIT"
    },
    "node_modules/autoprefixer": {
      "version": "10.4.21",
      "resolved": "https://registry.npmjs.org/autoprefixer/-/autoprefixer-10.4.21.tgz",
      "integrity": "sha512-O+A6LWV5LDHSJD3LjHYoNi4VLsj/Whi7k6zG12xTYaU4cQ8oxQGckXNX8cRHK5yOZ/ppVHe0ZBXGzSV9jXdVbQ==",
      "dev": true,
      "funding": [
        {
          "type": "opencollective",
          "url": "https://opencollective.com/postcss/"
        },
        {
          "type": "tidelift",
          "url": "https://tidelift.com/funding/github/npm/autoprefixer"
        },
        {
          "type": "github",
          "url": "https://github.com/sponsors/ai"
        }
      ],
      "license": "MIT",
      "dependencies": {
        "browserslist": "^4.24.4",
        "caniuse-lite": "^1.0.30001702",
        "fraction.js": "^4.3.7",
        "normalize-range": "^0.1.2",
        "picocolors": "^1.1.1",
        "postcss-value-parser": "^4.2.0"
      },
      "bin": {
        "autoprefixer": "bin/autoprefixer"
      },
      "engines": {
        "node": "^10 || ^12 || >=14"
      },
      "peerDependencies": {
        "postcss": "^8.1.0"
      }
    },
    "node_modules/browserslist": {
      "version": "4.24.4",
      "resolved": "https://registry.npmjs.org/browserslist/-/browserslist-4.24.4.tgz",
      "integrity": "sha512-KDi1Ny1gSePi1vm0q4oxSF8b4DR44GF4BbmS2YdhPLOEqd8pDviZOGH/GsmRwoWJ2+5Lr085X7naowMwKHDG1A==",
      "dev": true,
      "funding": [
        {
          "type": "opencollective",
          "url": "https://opencollective.com/browserslist"
        },
        {
          "type": "tidelift",
          "url": "https://tidelift.com/funding/github/npm/browserslist"
        },
        {
          "type": "github",
          "url": "https://github.com/sponsors/ai"
        }
      ],
      "license": "MIT",
      "dependencies": {
        "caniuse-lite": "^1.0.30001688",
        "electron-to-chromium": "^1.5.73",
        "node-releases": "^2.0.19",
        "update-browserslist-db": "^1.1.1"
      },
      "bin": {
        "browserslist": "cli.js"
      },
      "engines": {
        "node": "^6 || ^7 || ^8 || ^9 || ^10 || ^11 || ^12 || >=13.7"
      }
    },
    "node_modules/busboy": {
      "version": "1.6.0",
      "resolved": "https://registry.npmjs.org/busboy/-/busboy-1.6.0.tgz",
      "integrity": "sha512-8SFQbg/0hQ9xy3UNTB0YEnsNBbWfhf7RtnzpL7TkBiTBRfrQ9Fxcnz7VJsleJpyp6rVLvXiuORqjlHi5q+PYuA==",
      "peer": true,
      "dependencies": {
        "streamsearch": "^1.1.0"
      },
      "engines": {
        "node": ">=10.16.0"
      }
    },
    "node_modules/caniuse-lite": {
      "version": "1.0.30001715",
      "resolved": "https://registry.npmjs.org/caniuse-lite/-/caniuse-lite-1.0.30001715.tgz",
      "integrity": "sha512-7ptkFGMm2OAOgvZpwgA4yjQ5SQbrNVGdRjzH0pBdy1Fasvcr+KAeECmbCAECzTuDuoX0FCY8KzUxjf9+9kfZEw==",
      "funding": [
        {
          "type": "opencollective",
          "url": "https://opencollective.com/browserslist"
        },
        {
          "type": "tidelift",
          "url": "https://tidelift.com/funding/github/npm/caniuse-lite"
        },
        {
          "type": "github",
          "url": "https://github.com/sponsors/ai"
        }
      ],
      "license": "CC-BY-4.0"
    },
    "node_modules/client-only": {
      "version": "0.0.1",
      "resolved": "https://registry.npmjs.org/client-only/-/client-only-0.0.1.tgz",
      "integrity": "sha512-IV3Ou0jSMzZrd3pZ48nLkT9DA7Ag1pnPzaiQhpW7c3RbcqqzvzzVu+L8gfqMp/8IM2MQtSiqaCxrrcfu8I8rMA==",
      "license": "MIT",
      "peer": true
    },
    "node_modules/color": {
      "version": "4.2.3",
      "resolved": "https://registry.npmjs.org/color/-/color-4.2.3.tgz",
      "integrity": "sha512-1rXeuUUiGGrykh+CeBdu5Ie7OJwinCgQY0bc7GCRxy5xVHy+moaqkpL/jqQq0MtQOeYcrqEz4abc5f0KtU7W4A==",
      "license": "MIT",
      "optional": true,
      "peer": true,
      "dependencies": {
        "color-convert": "^2.0.1",
        "color-string": "^1.9.0"
      },
      "engines": {
        "node": ">=12.5.0"
      }
    },
    "node_modules/color-convert": {
      "version": "2.0.1",
      "resolved": "https://registry.npmjs.org/color-convert/-/color-convert-2.0.1.tgz",
      "integrity": "sha512-RRECPsj7iu/xb5oKYcsFHSppFNnsj/52OVTRKb4zP5onXwVF3zVmmToNcOfGC+CRDpfK/U584fMg38ZHCaElKQ==",
      "license": "MIT",
      "optional": true,
      "peer": true,
      "dependencies": {
        "color-name": "~1.1.4"
      },
      "engines": {
        "node": ">=7.0.0"
      }
    },
    "node_modules/color-name": {
      "version": "1.1.4",
      "resolved": "https://registry.npmjs.org/color-name/-/color-name-1.1.4.tgz",
      "integrity": "sha512-dOy+3AuW3a2wNbZHIuMZpTcgjGuLU/uBL/ubcZF9OXbDo8ff4O8yVp5Bf0efS8uEoYo5q4Fx7dY9OgQGXgAsQA==",
      "license": "MIT",
      "optional": true,
      "peer": true
    },
    "node_modules/color-string": {
      "version": "1.9.1",
      "resolved": "https://registry.npmjs.org/color-string/-/color-string-1.9.1.tgz",
      "integrity": "sha512-shrVawQFojnZv6xM40anx4CkoDP+fZsw/ZerEMsW/pyzsRbElpsL/DBVW7q3ExxwusdNXI3lXpuhEZkzs8p5Eg==",
      "license": "MIT",
      "optional": true,
      "peer": true,
      "dependencies": {
        "color-name": "^1.0.0",
        "simple-swizzle": "^0.2.2"
      }
    },
    "node_modules/cookie": {
      "version": "1.0.2",
      "resolved": "https://registry.npmjs.org/cookie/-/cookie-1.0.2.tgz",
      "integrity": "sha512-9Kr/j4O16ISv8zBBhJoi4bXOYNTkFLOqSL3UDB0njXxCXNezjeyVrJyGOWtgfs/q2km1gwBcfH8q1yEGoMYunA==",
      "license": "MIT",
      "engines": {
        "node": ">=18"
      }
    },
    "node_modules/crypto-js": {
      "version": "3.3.0",
      "resolved": "https://registry.npmjs.org/crypto-js/-/crypto-js-3.3.0.tgz",
      "integrity": "sha512-DIT51nX0dCfKltpRiXV+/TVZq+Qq2NgF4644+K7Ttnla7zEzqc+kjJyiB96BHNyUTBxyjzRcZYpUdZa+QAqi6Q==",
      "license": "MIT"
    },
    "node_modules/csstype": {
      "version": "3.1.3",
      "resolved": "https://registry.npmjs.org/csstype/-/csstype-3.1.3.tgz",
      "integrity": "sha512-M1uQkMl8rQK/szD0LNhtqxIPLpimGm8sOBwU7lLnCpSbTyY3yeU1Vc7l4KT5zT4s/yOxHH5O7tIuuLOCnLADRw==",
      "license": "MIT"
    },
    "node_modules/dequal": {
      "version": "2.0.3",
      "resolved": "https://registry.npmjs.org/dequal/-/dequal-2.0.3.tgz",
      "integrity": "sha512-0je+qPKHEMohvfRTCEo3CrPG6cAzAYgmzKyxRiYSSDkS6eGJdyVJm7WaYA5ECaAD9wLB2T4EEeymA5aFVcYXCA==",
      "license": "MIT",
      "engines": {
        "node": ">=6"
      }
    },
    "node_modules/detect-libc": {
      "version": "2.0.3",
      "resolved": "https://registry.npmjs.org/detect-libc/-/detect-libc-2.0.3.tgz",
      "integrity": "sha512-bwy0MGW55bG41VqxxypOsdSdGqLwXPI/focwgTYCFMbdUiBAxLg9CFzG08sz2aqzknwiX7Hkl0bQENjg8iLByw==",
      "license": "Apache-2.0",
      "optional": true,
      "peer": true,
      "engines": {
        "node": ">=8"
      }
    },
    "node_modules/dot-case": {
      "version": "3.0.4",
      "resolved": "https://registry.npmjs.org/dot-case/-/dot-case-3.0.4.tgz",
      "integrity": "sha512-Kv5nKlh6yRrdrGvxeJ2e5y2eRUpkUosIW4A2AS38zwSz27zu7ufDwQPi5Jhs3XAlGNetl3bmnGhQsMtkKJnj3w==",
      "license": "MIT",
      "dependencies": {
        "no-case": "^3.0.4",
        "tslib": "^2.0.3"
      }
    },
    "node_modules/electron-to-chromium": {
      "version": "1.5.139",
      "resolved": "https://registry.npmjs.org/electron-to-chromium/-/electron-to-chromium-1.5.139.tgz",
      "integrity": "sha512-GGnRYOTdN5LYpwbIr0rwP/ZHOQSvAF6TG0LSzp28uCBb9JiXHJGmaaKw29qjNJc5bGnnp6kXJqRnGMQoELwi5w==",
      "dev": true,
      "license": "ISC"
    },
    "node_modules/escalade": {
      "version": "3.2.0",
      "resolved": "https://registry.npmjs.org/escalade/-/escalade-3.2.0.tgz",
      "integrity": "sha512-WUj2qlxaQtO4g6Pq5c29GTcWGDyd8itL8zTlipgECz3JesAiiOKotd8JU6otB3PACgG6xkJUyVhboMS+bje/jA==",
      "dev": true,
      "license": "MIT",
      "engines": {
        "node": ">=6"
      }
    },
    "node_modules/fraction.js": {
      "version": "4.3.7",
      "resolved": "https://registry.npmjs.org/fraction.js/-/fraction.js-4.3.7.tgz",
      "integrity": "sha512-ZsDfxO51wGAXREY55a7la9LScWpwv9RxIrYABrlvOFBlH/ShPnrtsXeuUIfXKKOVicNxQ+o8JTbJvjS4M89yew==",
      "dev": true,
      "license": "MIT",
      "engines": {
        "node": "*"
      },
      "funding": {
        "type": "patreon",
        "url": "https://github.com/sponsors/rawify"
      }
    },
    "node_modules/glob-to-regexp": {
      "version": "0.4.1",
      "resolved": "https://registry.npmjs.org/glob-to-regexp/-/glob-to-regexp-0.4.1.tgz",
      "integrity": "sha512-lkX1HJXwyMcprw/5YUZc2s7DrpAiHB21/V+E1rHUrVNokkvB6bqMzT0VfV6/86ZNabt1k14YOIaT7nDvOX3Iiw==",
      "license": "BSD-2-Clause"
    },
    "node_modules/is-arrayish": {
      "version": "0.3.2",
      "resolved": "https://registry.npmjs.org/is-arrayish/-/is-arrayish-0.3.2.tgz",
      "integrity": "sha512-eVRqCvVlZbuw3GrM63ovNSNAeA1K16kaR/LRY/92w0zxQ5/1YzwblUX652i4Xs9RwAGjW9d9y6X88t8OaAJfWQ==",
      "license": "MIT",
      "optional": true,
      "peer": true
    },
    "node_modules/js-cookie": {
      "version": "3.0.5",
      "resolved": "https://registry.npmjs.org/js-cookie/-/js-cookie-3.0.5.tgz",
      "integrity": "sha512-cEiJEAEoIbWfCZYKWhVwFuvPX1gETRYPw6LlaTKoxD3s2AkXzkCjnp6h0V77ozyqj0jakteJ4YqDJT830+lVGw==",
      "license": "MIT",
      "engines": {
        "node": ">=14"
      }
    },
    "node_modules/lower-case": {
      "version": "2.0.2",
      "resolved": "https://registry.npmjs.org/lower-case/-/lower-case-2.0.2.tgz",
      "integrity": "sha512-7fm3l3NAF9WfN6W3JOmf5drwpVqX78JtoGJ3A6W0a6ZnldM41w2fV5D490psKFTpMds8TJse/eHLFFsNHHjHgg==",
      "license": "MIT",
      "dependencies": {
        "tslib": "^2.0.3"
      }
    },
    "node_modules/map-obj": {
      "version": "4.3.0",
      "resolved": "https://registry.npmjs.org/map-obj/-/map-obj-4.3.0.tgz",
      "integrity": "sha512-hdN1wVrZbb29eBGiGjJbeP8JbKjq1urkHJ/LIP/NY48MZ1QVXUsQBV1G1zvYFHn1XE06cwjBsOI2K3Ulnj1YXQ==",
      "license": "MIT",
      "engines": {
        "node": ">=8"
      },
      "funding": {
        "url": "https://github.com/sponsors/sindresorhus"
      }
    },
    "node_modules/nanoid": {
      "version": "3.3.11",
      "resolved": "https://registry.npmjs.org/nanoid/-/nanoid-3.3.11.tgz",
      "integrity": "sha512-N8SpfPUnUp1bK+PMYW8qSWdl9U+wwNWI4QKxOYDy9JAro3WMX7p2OeVRF9v+347pnakNevPmiHhNmZ2HbFA76w==",
      "funding": [
        {
          "type": "github",
          "url": "https://github.com/sponsors/ai"
        }
      ],
      "license": "MIT",
      "bin": {
        "nanoid": "bin/nanoid.cjs"
      },
      "engines": {
        "node": "^10 || ^12 || ^13.7 || ^14 || >=15.0.1"
      }
    },
    "node_modules/next": {
      "version": "15.3.1",
      "resolved": "https://registry.npmjs.org/next/-/next-15.3.1.tgz",
      "integrity": "sha512-8+dDV0xNLOgHlyBxP1GwHGVaNXsmp+2NhZEYrXr24GWLHtt27YrBPbPuHvzlhi7kZNYjeJNR93IF5zfFu5UL0g==",
      "license": "MIT",
      "peer": true,
      "dependencies": {
        "@next/env": "15.3.1",
        "@swc/counter": "0.1.3",
        "@swc/helpers": "0.5.15",
        "busboy": "1.6.0",
        "caniuse-lite": "^1.0.30001579",
        "postcss": "8.4.31",
        "styled-jsx": "5.1.6"
      },
      "bin": {
        "next": "dist/bin/next"
      },
      "engines": {
        "node": "^18.18.0 || ^19.8.0 || >= 20.0.0"
      },
      "optionalDependencies": {
        "@next/swc-darwin-arm64": "15.3.1",
        "@next/swc-darwin-x64": "15.3.1",
        "@next/swc-linux-arm64-gnu": "15.3.1",
        "@next/swc-linux-arm64-musl": "15.3.1",
        "@next/swc-linux-x64-gnu": "15.3.1",
        "@next/swc-linux-x64-musl": "15.3.1",
        "@next/swc-win32-arm64-msvc": "15.3.1",
        "@next/swc-win32-x64-msvc": "15.3.1",
        "sharp": "^0.34.1"
      },
      "peerDependencies": {
        "@opentelemetry/api": "^1.1.0",
        "@playwright/test": "^1.41.2",
        "babel-plugin-react-compiler": "*",
        "react": "^18.2.0 || 19.0.0-rc-de68d2f4-20241204 || ^19.0.0",
        "react-dom": "^18.2.0 || 19.0.0-rc-de68d2f4-20241204 || ^19.0.0",
        "sass": "^1.3.0"
      },
      "peerDependenciesMeta": {
        "@opentelemetry/api": {
          "optional": true
        },
        "@playwright/test": {
          "optional": true
        },
        "babel-plugin-react-compiler": {
          "optional": true
        },
        "sass": {
          "optional": true
        }
      }
    },
    "node_modules/next/node_modules/postcss": {
      "version": "8.4.31",
      "resolved": "https://registry.npmjs.org/postcss/-/postcss-8.4.31.tgz",
      "integrity": "sha512-PS08Iboia9mts/2ygV3eLpY5ghnUcfLV/EXTOW1E2qYxJKGGBUtNjN76FYHnMs36RmARn41bC0AZmn+rR0OVpQ==",
      "funding": [
        {
          "type": "opencollective",
          "url": "https://opencollective.com/postcss/"
        },
        {
          "type": "tidelift",
          "url": "https://tidelift.com/funding/github/npm/postcss"
        },
        {
          "type": "github",
          "url": "https://github.com/sponsors/ai"
        }
      ],
      "license": "MIT",
      "peer": true,
      "dependencies": {
        "nanoid": "^3.3.6",
        "picocolors": "^1.0.0",
        "source-map-js": "^1.0.2"
      },
      "engines": {
        "node": "^10 || ^12 || >=14"
      }
    },
    "node_modules/no-case": {
      "version": "3.0.4",
      "resolved": "https://registry.npmjs.org/no-case/-/no-case-3.0.4.tgz",
      "integrity": "sha512-fgAN3jGAh+RoxUGZHTSOLJIqUc2wmoBwGR4tbpNAKmmovFoWq0OdRkb0VkldReO2a2iBT/OEulG9XSUc10r3zg==",
      "license": "MIT",
      "dependencies": {
        "lower-case": "^2.0.2",
        "tslib": "^2.0.3"
      }
    },
    "node_modules/node-releases": {
      "version": "2.0.19",
      "resolved": "https://registry.npmjs.org/node-releases/-/node-releases-2.0.19.tgz",
      "integrity": "sha512-xxOWJsBKtzAq7DY0J+DTzuz58K8e7sJbdgwkbMWQe8UYB6ekmsQ45q0M/tJDsGaZmbC+l7n57UV8Hl5tHxO9uw==",
      "dev": true,
      "license": "MIT"
    },
    "node_modules/normalize-range": {
      "version": "0.1.2",
      "resolved": "https://registry.npmjs.org/normalize-range/-/normalize-range-0.1.2.tgz",
      "integrity": "sha512-bdok/XvKII3nUpklnV6P2hxtMNrCboOjAcyBuQnWEhO665FwrSNRxU+AqpsyvO6LgGYPspN+lu5CLtw4jPRKNA==",
      "dev": true,
      "license": "MIT",
      "engines": {
        "node": ">=0.10.0"
      }
    },
    "node_modules/picocolors": {
      "version": "1.1.1",
      "resolved": "https://registry.npmjs.org/picocolors/-/picocolors-1.1.1.tgz",
      "integrity": "sha512-xceH2snhtb5M9liqDsmEw56le376mTZkEX/jEb/RxNFyegNul7eNslCXP9FDj/Lcu0X8KEyMceP2ntpaHrDEVA==",
      "license": "ISC"
    },
    "node_modules/postcss": {
      "version": "8.5.3",
      "resolved": "https://registry.npmjs.org/postcss/-/postcss-8.5.3.tgz",
      "integrity": "sha512-dle9A3yYxlBSrt8Fu+IpjGT8SY8hN0mlaA6GY8t0P5PjIOZemULz/E2Bnm/2dcUOena75OTNkHI76uZBNUUq3A==",
      "dev": true,
      "funding": [
        {
          "type": "opencollective",
          "url": "https://opencollective.com/postcss/"
        },
        {
          "type": "tidelift",
          "url": "https://tidelift.com/funding/github/npm/postcss"
        },
        {
          "type": "github",
          "url": "https://github.com/sponsors/ai"
        }
      ],
      "license": "MIT",
      "dependencies": {
        "nanoid": "^3.3.8",
        "picocolors": "^1.1.1",
        "source-map-js": "^1.2.1"
      },
      "engines": {
        "node": "^10 || ^12 || >=14"
      }
    },
    "node_modules/postcss-value-parser": {
      "version": "4.2.0",
      "resolved": "https://registry.npmjs.org/postcss-value-parser/-/postcss-value-parser-4.2.0.tgz",
      "integrity": "sha512-1NNCs6uurfkVbeXG4S8JFT9t19m45ICnif8zWLd5oPSZ50QnwMfK+H3jv408d4jw/7Bttv5axS5IiHoLaVNHeQ==",
      "dev": true,
      "license": "MIT"
    },
    "node_modules/react": {
      "version": "19.1.0",
      "resolved": "https://registry.npmjs.org/react/-/react-19.1.0.tgz",
      "integrity": "sha512-FS+XFBNvn3GTAWq26joslQgWNoFu08F4kl0J4CgdNKADkdSGXQyTCnKteIAJy96Br6YbpEU1LSzV5dYtjMkMDg==",
      "license": "MIT",
      "peer": true,
      "engines": {
        "node": ">=0.10.0"
      }
    },
    "node_modules/react-aws-s3": {
      "version": "1.5.0",
      "resolved": "https://registry.npmjs.org/react-aws-s3/-/react-aws-s3-1.5.0.tgz",
      "integrity": "sha512-ib8JvNFlWaQyFfXvDXNeQCsGsHAHJswQgtA1MbpIU5sCSXZVeqoRVlvexyzjPjJGy8KDnbyYEB9PQ2Rw96g8Ug==",
      "license": "MIT",
      "dependencies": {
        "crypto-js": "^3.1.9-1",
        "short-uuid": "^3.1.0"
      }
    },
    "node_modules/react-dom": {
      "version": "19.1.0",
      "resolved": "https://registry.npmjs.org/react-dom/-/react-dom-19.1.0.tgz",
      "integrity": "sha512-Xs1hdnE+DyKgeHJeJznQmYMIBG3TKIHJJT95Q58nHLSrElKlGQqDTR2HQ9fx5CN/Gk6Vh/kupBTDLU11/nDk/g==",
      "license": "MIT",
      "peer": true,
      "dependencies": {
        "scheduler": "^0.26.0"
      },
      "peerDependencies": {
        "react": "^19.1.0"
      }
    },
    "node_modules/scheduler": {
      "version": "0.26.0",
      "resolved": "https://registry.npmjs.org/scheduler/-/scheduler-0.26.0.tgz",
      "integrity": "sha512-NlHwttCI/l5gCPR3D1nNXtWABUmBwvZpEQiD4IXSbIDq8BzLIK/7Ir5gTFSGZDUu37K5cMNp0hFtzO38sC7gWA==",
      "license": "MIT",
      "peer": true
    },
    "node_modules/semver": {
      "version": "7.7.1",
      "resolved": "https://registry.npmjs.org/semver/-/semver-7.7.1.tgz",
      "integrity": "sha512-hlq8tAfn0m/61p4BVRcPzIGr6LKiMwo4VM6dGi6pt4qcRkmNzTcWq6eCEjEh+qXjkMDvPlOFFSGwQjoEa6gyMA==",
      "license": "ISC",
      "optional": true,
      "peer": true,
      "bin": {
        "semver": "bin/semver.js"
      },
      "engines": {
        "node": ">=10"
      }
    },
    "node_modules/server-only": {
      "version": "0.0.1",
      "resolved": "https://registry.npmjs.org/server-only/-/server-only-0.0.1.tgz",
      "integrity": "sha512-qepMx2JxAa5jjfzxG79yPPq+8BuFToHd1hm7kI+Z4zAq1ftQiP7HcxMhDDItrbtwVeLg/cY2JnKnrcFkmiswNA==",
      "license": "MIT"
    },
    "node_modules/sharp": {
      "version": "0.34.1",
      "resolved": "https://registry.npmjs.org/sharp/-/sharp-0.34.1.tgz",
      "integrity": "sha512-1j0w61+eVxu7DawFJtnfYcvSv6qPFvfTaqzTQ2BLknVhHTwGS8sc63ZBF4rzkWMBVKybo4S5OBtDdZahh2A1xg==",
      "hasInstallScript": true,
      "license": "Apache-2.0",
      "optional": true,
      "peer": true,
      "dependencies": {
        "color": "^4.2.3",
        "detect-libc": "^2.0.3",
        "semver": "^7.7.1"
      },
      "engines": {
        "node": "^18.17.0 || ^20.3.0 || >=21.0.0"
      },
      "funding": {
        "url": "https://opencollective.com/libvips"
      },
      "optionalDependencies": {
        "@img/sharp-darwin-arm64": "0.34.1",
        "@img/sharp-darwin-x64": "0.34.1",
        "@img/sharp-libvips-darwin-arm64": "1.1.0",
        "@img/sharp-libvips-darwin-x64": "1.1.0",
        "@img/sharp-libvips-linux-arm": "1.1.0",
        "@img/sharp-libvips-linux-arm64": "1.1.0",
        "@img/sharp-libvips-linux-ppc64": "1.1.0",
        "@img/sharp-libvips-linux-s390x": "1.1.0",
        "@img/sharp-libvips-linux-x64": "1.1.0",
        "@img/sharp-libvips-linuxmusl-arm64": "1.1.0",
        "@img/sharp-libvips-linuxmusl-x64": "1.1.0",
        "@img/sharp-linux-arm": "0.34.1",
        "@img/sharp-linux-arm64": "0.34.1",
        "@img/sharp-linux-s390x": "0.34.1",
        "@img/sharp-linux-x64": "0.34.1",
        "@img/sharp-linuxmusl-arm64": "0.34.1",
        "@img/sharp-linuxmusl-x64": "0.34.1",
        "@img/sharp-wasm32": "0.34.1",
        "@img/sharp-win32-ia32": "0.34.1",
        "@img/sharp-win32-x64": "0.34.1"
      }
    },
    "node_modules/short-uuid": {
      "version": "3.1.1",
      "resolved": "https://registry.npmjs.org/short-uuid/-/short-uuid-3.1.1.tgz",
      "integrity": "sha512-7dI69xtJYpTIbg44R6JSgrbDtZFuZ9vAwwmnF/L0PinykbFrhQ7V8omKsQcVw1TP0nYJ7uQp1PN6/aVMkzQFGQ==",
      "license": "MIT",
      "dependencies": {
        "any-base": "^1.1.0",
        "uuid": "^3.3.2"
      }
    },
    "node_modules/simple-swizzle": {
      "version": "0.2.2",
      "resolved": "https://registry.npmjs.org/simple-swizzle/-/simple-swizzle-0.2.2.tgz",
      "integrity": "sha512-JA//kQgZtbuY83m+xT+tXJkmJncGMTFT+C+g2h2R9uxkYIrE2yy9sgmcLhCnw57/WSD+Eh3J97FPEDFnbXnDUg==",
      "license": "MIT",
      "optional": true,
      "peer": true,
      "dependencies": {
        "is-arrayish": "^0.3.1"
      }
    },
    "node_modules/snake-case": {
      "version": "3.0.4",
      "resolved": "https://registry.npmjs.org/snake-case/-/snake-case-3.0.4.tgz",
      "integrity": "sha512-LAOh4z89bGQvl9pFfNF8V146i7o7/CqFPbqzYgP+yYzDIDeS9HaNFtXABamRW+AQzEVODcvE79ljJ+8a9YSdMg==",
      "license": "MIT",
      "dependencies": {
        "dot-case": "^3.0.4",
        "tslib": "^2.0.3"
      }
    },
    "node_modules/snakecase-keys": {
      "version": "8.0.1",
      "resolved": "https://registry.npmjs.org/snakecase-keys/-/snakecase-keys-8.0.1.tgz",
      "integrity": "sha512-Sj51kE1zC7zh6TDlNNz0/Jn1n5HiHdoQErxO8jLtnyrkJW/M5PrI7x05uDgY3BO7OUQYKCvmeMurW6BPUdwEOw==",
      "license": "MIT",
      "dependencies": {
        "map-obj": "^4.1.0",
        "snake-case": "^3.0.4",
        "type-fest": "^4.15.0"
      },
      "engines": {
        "node": ">=18"
      }
    },
    "node_modules/source-map-js": {
      "version": "1.2.1",
      "resolved": "https://registry.npmjs.org/source-map-js/-/source-map-js-1.2.1.tgz",
      "integrity": "sha512-UXWMKhLOwVKb728IUtQPXxfYU+usdybtUrK/8uGE8CQMvrhOpwvzDBwj0QhSL7MQc7vIsISBG8VQ8+IDQxpfQA==",
      "license": "BSD-3-Clause",
      "engines": {
        "node": ">=0.10.0"
      }
    },
    "node_modules/std-env": {
      "version": "3.9.0",
      "resolved": "https://registry.npmjs.org/std-env/-/std-env-3.9.0.tgz",
      "integrity": "sha512-UGvjygr6F6tpH7o2qyqR6QYpwraIjKSdtzyBdyytFOHmPZY917kwdwLG0RbOjWOnKmnm3PeHjaoLLMie7kPLQw==",
      "license": "MIT"
    },
    "node_modules/streamsearch": {
      "version": "1.1.0",
      "resolved": "https://registry.npmjs.org/streamsearch/-/streamsearch-1.1.0.tgz",
      "integrity": "sha512-Mcc5wHehp9aXz1ax6bZUyY5afg9u2rv5cqQI3mRrYkGC8rW2hM02jWuwjtL++LS5qinSyhj2QfLyNsuc+VsExg==",
      "peer": true,
      "engines": {
        "node": ">=10.0.0"
      }
    },
    "node_modules/styled-jsx": {
      "version": "5.1.6",
      "resolved": "https://registry.npmjs.org/styled-jsx/-/styled-jsx-5.1.6.tgz",
      "integrity": "sha512-qSVyDTeMotdvQYoHWLNGwRFJHC+i+ZvdBRYosOFgC+Wg1vx4frN2/RG/NA7SYqqvKNLf39P2LSRA2pu6n0XYZA==",
      "license": "MIT",
      "peer": true,
      "dependencies": {
        "client-only": "0.0.1"
      },
      "engines": {
        "node": ">= 12.0.0"
      },
      "peerDependencies": {
        "react": ">= 16.8.0 || 17.x.x || ^18.0.0-0 || ^19.0.0-0"
      },
      "peerDependenciesMeta": {
        "@babel/core": {
          "optional": true
        },
        "babel-plugin-macros": {
          "optional": true
        }
      }
    },
    "node_modules/swr": {
      "version": "2.3.3",
      "resolved": "https://registry.npmjs.org/swr/-/swr-2.3.3.tgz",
      "integrity": "sha512-dshNvs3ExOqtZ6kJBaAsabhPdHyeY4P2cKwRCniDVifBMoG/SVI7tfLWqPXriVspf2Rg4tPzXJTnwaihIeFw2A==",
      "license": "MIT",
      "dependencies": {
        "dequal": "^2.0.3",
        "use-sync-external-store": "^1.4.0"
      },
      "peerDependencies": {
        "react": "^16.11.0 || ^17.0.0 || ^18.0.0 || ^19.0.0"
      }
    },
    "node_modules/tailwindcss": {
      "version": "4.1.4",
      "resolved": "https://registry.npmjs.org/tailwindcss/-/tailwindcss-4.1.4.tgz",
      "integrity": "sha512-1ZIUqtPITFbv/DxRmDr5/agPqJwF69d24m9qmM1939TJehgY539CtzeZRjbLt5G6fSy/7YqqYsfvoTEw9xUI2A==",
      "dev": true,
      "license": "MIT"
    },
    "node_modules/tslib": {
      "version": "2.8.1",
      "resolved": "https://registry.npmjs.org/tslib/-/tslib-2.8.1.tgz",
      "integrity": "sha512-oJFu94HQb+KVduSUQL7wnpmqnfmLsOA/nAh6b6EH0wCEoK0/mPeXU6c3wKDV83MkOuHPRHtSXKKU99IBazS/2w==",
      "license": "0BSD"
    },
    "node_modules/type-fest": {
      "version": "4.40.0",
      "resolved": "https://registry.npmjs.org/type-fest/-/type-fest-4.40.0.tgz",
      "integrity": "sha512-ABHZ2/tS2JkvH1PEjxFDTUWC8dB5OsIGZP4IFLhR293GqT5Y5qB1WwL2kMPYhQW9DVgVD8Hd7I8gjwPIf5GFkw==",
      "license": "(MIT OR CC0-1.0)",
      "engines": {
        "node": ">=16"
      },
      "funding": {
        "url": "https://github.com/sponsors/sindresorhus"
      }
    },
    "node_modules/update-browserslist-db": {
      "version": "1.1.3",
      "resolved": "https://registry.npmjs.org/update-browserslist-db/-/update-browserslist-db-1.1.3.tgz",
      "integrity": "sha512-UxhIZQ+QInVdunkDAaiazvvT/+fXL5Osr0JZlJulepYu6Jd7qJtDZjlur0emRlT71EN3ScPoE7gvsuIKKNavKw==",
      "dev": true,
      "funding": [
        {
          "type": "opencollective",
          "url": "https://opencollective.com/browserslist"
        },
        {
          "type": "tidelift",
          "url": "https://tidelift.com/funding/github/npm/browserslist"
        },
        {
          "type": "github",
          "url": "https://github.com/sponsors/ai"
        }
      ],
      "license": "MIT",
      "dependencies": {
        "escalade": "^3.2.0",
        "picocolors": "^1.1.1"
      },
      "bin": {
        "update-browserslist-db": "cli.js"
      },
      "peerDependencies": {
        "browserslist": ">= 4.21.0"
      }
    },
    "node_modules/use-sync-external-store": {
      "version": "1.5.0",
      "resolved": "https://registry.npmjs.org/use-sync-external-store/-/use-sync-external-store-1.5.0.tgz",
      "integrity": "sha512-Rb46I4cGGVBmjamjphe8L/UnvJD+uPPtTkNvX5mZgqdbavhI4EbgIWJiIHXJ8bc/i9EQGPRh4DwEURJ552Do0A==",
      "license": "MIT",
      "peerDependencies": {
        "react": "^16.8.0 || ^17.0.0 || ^18.0.0 || ^19.0.0"
      }
    },
    "node_modules/uuid": {
      "version": "3.4.0",
      "resolved": "https://registry.npmjs.org/uuid/-/uuid-3.4.0.tgz",
      "integrity": "sha512-HjSDRw6gZE5JMggctHBcjVak08+KEVhSIiDzFnT9S9aegmp85S/bReBVTb4QTFaRNptJ9kuYaNhnbNEOkbKb/A==",
      "deprecated": "Please upgrade  to version 7 or higher.  Older versions may use Math.random() in certain circumstances, which is known to be problematic.  See https://v8.dev/blog/math-random for details.",
      "license": "MIT",
      "bin": {
        "uuid": "bin/uuid"
      }
    }
  }
}
