{
  "name": "habitat-for-humanity",
  "lockfileVersion": 2,
  "requires": true,
  "packages": {
    "": {
      "dependencies": {
        "react-aws-s3": "^1.5.0"
      }
    },
    "node_modules/any-base": {
      "version": "1.1.0",
      "resolved": "https://registry.npmjs.org/any-base/-/any-base-1.1.0.tgz",
      "integrity": "sha512-uMgjozySS8adZZYePpaWs8cxB9/kdzmpX6SgJZ+wbz1K5eYk5QMYDVJaZKhxyIHUdnnJkfR7SVgStgH7LkGUyg=="
    },
    "node_modules/crypto-js": {
      "version": "3.3.0",
      "resolved": "https://registry.npmjs.org/crypto-js/-/crypto-js-3.3.0.tgz",
      "integrity": "sha512-DIT51nX0dCfKltpRiXV+/TVZq+Qq2NgF4644+K7Ttnla7zEzqc+kjJyiB96BHNyUTBxyjzRcZYpUdZa+QAqi6Q=="
    },
    "node_modules/react-aws-s3": {
      "version": "1.5.0",
      "resolved": "https://registry.npmjs.org/react-aws-s3/-/react-aws-s3-1.5.0.tgz",
      "integrity": "sha512-ib8JvNFlWaQyFfXvDXNeQCsGsHAHJswQgtA1MbpIU5sCSXZVeqoRVlvexyzjPjJGy8KDnbyYEB9PQ2Rw96g8Ug==",
      "dependencies": {
        "crypto-js": "^3.1.9-1",
        "short-uuid": "^3.1.0"
      }
    },
    "node_modules/short-uuid": {
      "version": "3.1.1",
      "resolved": "https://registry.npmjs.org/short-uuid/-/short-uuid-3.1.1.tgz",
      "integrity": "sha512-7dI69xtJYpTIbg44R6JSgrbDtZFuZ9vAwwmnF/L0PinykbFrhQ7V8omKsQcVw1TP0nYJ7uQp1PN6/aVMkzQFGQ==",
      "dependencies": {
        "any-base": "^1.1.0",
        "uuid": "^3.3.2"
      }
    },
    "node_modules/uuid": {
      "version": "3.4.0",
      "resolved": "https://registry.npmjs.org/uuid/-/uuid-3.4.0.tgz",
      "integrity": "sha512-HjSDRw6gZE5JMggctHBcjVak08+KEVhSIiDzFnT9S9aegmp85S/bReBVTb4QTFaRNptJ9kuYaNhnbNEOkbKb/A==",
      "deprecated": "Please upgrade  to version 7 or higher.  Older versions may use Math.random() in certain circumstances, which is known to be problematic.  See https://v8.dev/blog/math-random for details.",
      "bin": {
        "uuid": "bin/uuid"
      }
    }
  },
  "dependencies": {
    "any-base": {
      "version": "1.1.0",
      "resolved": "https://registry.npmjs.org/any-base/-/any-base-1.1.0.tgz",
      "integrity": "sha512-uMgjozySS8adZZYePpaWs8cxB9/kdzmpX6SgJZ+wbz1K5eYk5QMYDVJaZKhxyIHUdnnJkfR7SVgStgH7LkGUyg=="
    },
    "crypto-js": {
      "version": "3.3.0",
      "resolved": "https://registry.npmjs.org/crypto-js/-/crypto-js-3.3.0.tgz",
      "integrity": "sha512-DIT51nX0dCfKltpRiXV+/TVZq+Qq2NgF4644+K7Ttnla7zEzqc+kjJyiB96BHNyUTBxyjzRcZYpUdZa+QAqi6Q=="
    },
    "react-aws-s3": {
      "version": "1.5.0",
      "resolved": "https://registry.npmjs.org/react-aws-s3/-/react-aws-s3-1.5.0.tgz",
      "integrity": "sha512-ib8JvNFlWaQyFfXvDXNeQCsGsHAHJswQgtA1MbpIU5sCSXZVeqoRVlvexyzjPjJGy8KDnbyYEB9PQ2Rw96g8Ug==",
      "requires": {
        "crypto-js": "^3.1.9-1",
        "short-uuid": "^3.1.0"
      }
    },
    "short-uuid": {
      "version": "3.1.1",
      "resolved": "https://registry.npmjs.org/short-uuid/-/short-uuid-3.1.1.tgz",
      "integrity": "sha512-7dI69xtJYpTIbg44R6JSgrbDtZFuZ9vAwwmnF/L0PinykbFrhQ7V8omKsQcVw1TP0nYJ7uQp1PN6/aVMkzQFGQ==",
      "requires": {
        "any-base": "^1.1.0",
        "uuid": "^3.3.2"
      }
    },
    "uuid": {
      "version": "3.4.0",
      "resolved": "https://registry.npmjs.org/uuid/-/uuid-3.4.0.tgz",
      "integrity": "sha512-HjSDRw6gZE5JMggctHBcjVak08+KEVhSIiDzFnT9S9aegmp85S/bReBVTb4QTFaRNptJ9kuYaNhnbNEOkbKb/A=="
    }
  }
}
